{
  "version": 4,
  "terraform_version": "1.6.0",
  "serial": 29,
  "lineage": "8c30ce54-e802-564f-e1a1-13e9acd29123",
  "outputs": {
    "webapp_ips": {
      "value": "20.76.217.193,20.76.219.161,20.76.219.162,20.76.219.163,20.76.219.207,20.76.219.226,20.50.2.56",
      "type": "string"
    },
    "webapp_url": {
      "value": "linux-app-90379.azurewebsites.net",
      "type": "string"
    }
  },
  "resources": [
    {
      "mode": "managed",
      "type": "azurerm_app_service_source_control",
      "name": "aassc",
      "provider": "provider[\"registry.terraform.io/hashicorp/azurerm\"]",
      "instances": [
        {
          "schema_version": 0,
          "attributes": {
            "app_id": "/subscriptions/bf258436-9d8c-4525-80a5-c7c161ce248d/resourceGroups/TaskBoardBR90379/providers/Microsoft.Web/sites/linux-app-90379",
            "branch": "main",
            "github_action_configuration": [],
            "id": "/subscriptions/bf258436-9d8c-4525-80a5-c7c161ce248d/resourceGroups/TaskBoardBR90379/providers/Microsoft.Web/sites/linux-app-90379",
            "repo_url": "https://github.com/BorislavRaynov/TaskBoard1.git",
            "rollback_enabled": false,
            "scm_type": "ExternalGit",
            "timeouts": null,
            "use_local_git": false,
            "use_manual_integration": true,
            "use_mercurial": false,
            "uses_github_action": false
          },
          "sensitive_attributes": [],
          "private": "eyJlMmJmYjczMC1lY2FhLTExZTYtOGY4OC0zNDM2M2JjN2M0YzAiOnsiY3JlYXRlIjoxODAwMDAwMDAwMDAwLCJkZWxldGUiOjE4MDAwMDAwMDAwMDAsInJlYWQiOjMwMDAwMDAwMDAwMH19",
          "dependencies": [
            "azurerm_linux_web_app.alwa",
            "azurerm_mssql_database.sqldb",
            "azurerm_mssql_server.sqls",
            "azurerm_resource_group.rg",
            "azurerm_service_plan.asp",
            "random_integer.ri"
          ]
        }
      ]
    },
    {
      "mode": "managed",
      "type": "azurerm_linux_web_app",
      "name": "alwa",
      "provider": "provider[\"registry.terraform.io/hashicorp/azurerm\"]",
      "instances": [
        {
          "schema_version": 0,
          "attributes": {
            "app_settings": {},
            "auth_settings": [],
            "auth_settings_v2": [],
            "backup": [],
            "client_affinity_enabled": false,
            "client_certificate_enabled": false,
            "client_certificate_exclusion_paths": "",
            "client_certificate_mode": "Required",
            "connection_string": [
              {
                "name": "DefaultConnection",
                "type": "SQLAzure",
                "value": "Data Source=tcp:taskboardappservbr-90379.database.windows.net,1433;Initial Catalog=taskboarddbbr-90379;User ID=Bobi1;Password=Qwer_1234;Trusted_Connection=False; MultipleActiveResultSets=True;"
              }
            ],
            "custom_domain_verification_id": "25C0186DD704DE25EB006D6642C0070C2ACFAD497BD12CEC58ABAE647D9FAD85",
            "default_hostname": "linux-app-90379.azurewebsites.net",
            "enabled": true,
            "hosting_environment_id": "",
            "https_only": false,
            "id": "/subscriptions/bf258436-9d8c-4525-80a5-c7c161ce248d/resourceGroups/TaskBoardBR90379/providers/Microsoft.Web/sites/linux-app-90379",
            "identity": [],
            "key_vault_reference_identity_id": "SystemAssigned",
            "kind": "app,linux",
            "location": "westeurope",
            "logs": [],
            "name": "linux-app-90379",
            "outbound_ip_address_list": [
              "20.76.217.193",
              "20.76.219.161",
              "20.76.219.162",
              "20.76.219.163",
              "20.76.219.207",
              "20.76.219.226",
              "20.50.2.56"
            ],
            "outbound_ip_addresses": "20.76.217.193,20.76.219.161,20.76.219.162,20.76.219.163,20.76.219.207,20.76.219.226,20.50.2.56",
            "possible_outbound_ip_address_list": [
              "20.76.217.193",
              "20.76.219.161",
              "20.76.219.162",
              "20.76.219.163",
              "20.76.219.207",
              "20.76.219.226",
              "20.76.219.228",
              "20.76.219.229",
              "20.76.219.230",
              "20.76.219.231",
              "20.76.220.28",
              "20.76.220.29",
              "20.76.216.231",
              "20.76.219.13",
              "20.76.220.30",
              "20.76.220.45",
              "20.76.220.62",
              "20.76.220.80",
              "20.82.62.184",
              "20.82.63.3",
              "20.82.63.89",
              "20.82.62.68",
              "20.93.185.162",
              "20.93.186.44",
              "20.50.2.56"
            ],
            "possible_outbound_ip_addresses": "20.76.217.193,20.76.219.161,20.76.219.162,20.76.219.163,20.76.219.207,20.76.219.226,20.76.219.228,20.76.219.229,20.76.219.230,20.76.219.231,20.76.220.28,20.76.220.29,20.76.216.231,20.76.219.13,20.76.220.30,20.76.220.45,20.76.220.62,20.76.220.80,20.82.62.184,20.82.63.3,20.82.63.89,20.82.62.68,20.93.185.162,20.93.186.44,20.50.2.56",
            "public_network_access_enabled": true,
            "resource_group_name": "TaskBoardBR90379",
            "service_plan_id": "/subscriptions/bf258436-9d8c-4525-80a5-c7c161ce248d/resourceGroups/TaskBoardBR90379/providers/Microsoft.Web/serverfarms/taskboard-90379",
            "site_config": [
              {
                "always_on": false,
                "api_definition_url": "",
                "api_management_api_id": "",
                "app_command_line": "",
                "application_stack": [
                  {
                    "docker_image": "",
                    "docker_image_name": "",
                    "docker_image_tag": "",
                    "docker_registry_password": "",
                    "docker_registry_url": "",
                    "docker_registry_username": "",
                    "dotnet_version": "6.0",
                    "go_version": "",
                    "java_server": "",
                    "java_server_version": "",
                    "java_version": "",
                    "node_version": "",
                    "php_version": "",
                    "python_version": "",
                    "ruby_version": ""
                  }
                ],
                "auto_heal_enabled": false,
                "auto_heal_setting": [],
                "container_registry_managed_identity_client_id": "",
                "container_registry_use_managed_identity": false,
                "cors": [],
                "default_documents": [
                  "Default.htm",
                  "Default.html",
                  "Default.asp",
                  "index.htm",
                  "index.html",
                  "iisstart.htm",
                  "default.aspx",
                  "index.php",
                  "hostingstart.html"
                ],
                "detailed_error_logging_enabled": false,
                "ftps_state": "Disabled",
                "health_check_eviction_time_in_min": 0,
                "health_check_path": "",
                "http2_enabled": false,
                "ip_restriction": [],
                "linux_fx_version": "DOTNETCORE|6.0",
                "load_balancing_mode": "LeastRequests",
                "local_mysql_enabled": false,
                "managed_pipeline_mode": "Integrated",
                "minimum_tls_version": "1.2",
                "remote_debugging_enabled": false,
                "remote_debugging_version": "VS2019",
                "scm_ip_restriction": [],
                "scm_minimum_tls_version": "1.2",
                "scm_type": "ExternalGit",
                "scm_use_main_ip_restriction": false,
                "use_32_bit_worker": true,
                "vnet_route_all_enabled": false,
                "websockets_enabled": false,
                "worker_count": 1
              }
            ],
            "site_credential": [
              {
                "name": "$linux-app-90379",
                "password": "Gi05MntQ8m7FrgTy7wcjbd8C2s0gpKQkkprwnc39AnyGXmkMCWoSeHf3fc39"
              }
            ],
            "sticky_settings": [],
            "storage_account": [],
            "tags": {},
            "timeouts": null,
            "virtual_network_subnet_id": "",
            "zip_deploy_file": ""
          },
          "sensitive_attributes": [
            [
              {
                "type": "get_attr",
                "value": "connection_string"
              }
            ]
          ],
          "private": "eyJlMmJmYjczMC1lY2FhLTExZTYtOGY4OC0zNDM2M2JjN2M0YzAiOnsiY3JlYXRlIjoxODAwMDAwMDAwMDAwLCJkZWxldGUiOjE4MDAwMDAwMDAwMDAsInJlYWQiOjMwMDAwMDAwMDAwMCwidXBkYXRlIjoxODAwMDAwMDAwMDAwfX0=",
          "dependencies": [
            "azurerm_mssql_database.sqldb",
            "azurerm_mssql_server.sqls",
            "azurerm_resource_group.rg",
            "azurerm_service_plan.asp",
            "random_integer.ri"
          ]
        }
      ]
    },
    {
      "mode": "managed",
      "type": "azurerm_mssql_database",
      "name": "sqldb",
      "provider": "provider[\"registry.terraform.io/hashicorp/azurerm\"]",
      "instances": [
        {
          "schema_version": 1,
          "attributes": {
            "auto_pause_delay_in_minutes": 0,
            "collation": "SQL_Latin1_General_CP1_CI_AS",
            "create_mode": "Default",
            "creation_source_database_id": null,
            "elastic_pool_id": "",
            "geo_backup_enabled": true,
            "id": "/subscriptions/bf258436-9d8c-4525-80a5-c7c161ce248d/resourceGroups/TaskBoardBR90379/providers/Microsoft.Sql/servers/taskboardappservbr-90379/databases/taskboarddbbr-90379",
            "import": [],
            "ledger_enabled": false,
            "license_type": "LicenseIncluded",
            "long_term_retention_policy": [
              {
                "monthly_retention": "PT0S",
                "week_of_year": 1,
                "weekly_retention": "PT0S",
                "yearly_retention": "PT0S"
              }
            ],
            "maintenance_configuration_name": "SQL_Default",
            "max_size_gb": 2,
            "min_capacity": 0,
            "name": "taskboarddbbr-90379",
            "read_replica_count": 0,
            "read_scale": false,
            "recover_database_id": null,
            "restore_dropped_database_id": null,
            "restore_point_in_time": null,
            "sample_name": null,
            "server_id": "/subscriptions/bf258436-9d8c-4525-80a5-c7c161ce248d/resourceGroups/TaskBoardBR90379/providers/Microsoft.Sql/servers/taskboardappservbr-90379",
            "short_term_retention_policy": [
              {
                "backup_interval_in_hours": 24,
                "retention_days": 7
              }
            ],
            "sku_name": "Basic",
            "storage_account_type": "Geo",
            "tags": {},
            "threat_detection_policy": [
              {
                "disabled_alerts": [],
                "email_account_admins": "Disabled",
                "email_addresses": [],
                "retention_days": 0,
                "state": "Disabled",
                "storage_account_access_key": "",
                "storage_endpoint": ""
              }
            ],
            "timeouts": null,
            "transparent_data_encryption_enabled": true,
            "zone_redundant": false
          },
          "sensitive_attributes": [],
          "private": "eyJlMmJmYjczMC1lY2FhLTExZTYtOGY4OC0zNDM2M2JjN2M0YzAiOnsiY3JlYXRlIjozNjAwMDAwMDAwMDAwLCJkZWxldGUiOjM2MDAwMDAwMDAwMDAsInJlYWQiOjMwMDAwMDAwMDAwMCwidXBkYXRlIjozNjAwMDAwMDAwMDAwfSwic2NoZW1hX3ZlcnNpb24iOiIxIn0=",
          "dependencies": [
            "azurerm_mssql_server.sqls",
            "azurerm_resource_group.rg",
            "random_integer.ri"
          ]
        }
      ]
    },
    {
      "mode": "managed",
      "type": "azurerm_mssql_firewall_rule",
      "name": "sqldbfw",
      "provider": "provider[\"registry.terraform.io/hashicorp/azurerm\"]",
      "instances": [
        {
          "schema_version": 0,
          "attributes": {
            "end_ip_address": "0.0.0.0",
            "id": "/subscriptions/bf258436-9d8c-4525-80a5-c7c161ce248d/resourceGroups/TaskBoardBR90379/providers/Microsoft.Sql/servers/taskboardappservbr-90379/firewallRules/FirewallRule-90379",
            "name": "FirewallRule-90379",
            "server_id": "/subscriptions/bf258436-9d8c-4525-80a5-c7c161ce248d/resourceGroups/TaskBoardBR90379/providers/Microsoft.Sql/servers/taskboardappservbr-90379",
            "start_ip_address": "0.0.0.0",
            "timeouts": null
          },
          "sensitive_attributes": [],
          "private": "eyJlMmJmYjczMC1lY2FhLTExZTYtOGY4OC0zNDM2M2JjN2M0YzAiOnsiY3JlYXRlIjoxODAwMDAwMDAwMDAwLCJkZWxldGUiOjE4MDAwMDAwMDAwMDAsInJlYWQiOjMwMDAwMDAwMDAwMCwidXBkYXRlIjoxODAwMDAwMDAwMDAwfX0=",
          "dependencies": [
            "azurerm_mssql_server.sqls",
            "azurerm_resource_group.rg",
            "random_integer.ri"
          ]
        }
      ]
    },
    {
      "mode": "managed",
      "type": "azurerm_mssql_server",
      "name": "sqls",
      "provider": "provider[\"registry.terraform.io/hashicorp/azurerm\"]",
      "instances": [
        {
          "schema_version": 0,
          "attributes": {
            "administrator_login": "Bobi1",
            "administrator_login_password": "Qwer_1234",
            "azuread_administrator": [],
            "connection_policy": "Default",
            "fully_qualified_domain_name": "taskboardappservbr-90379.database.windows.net",
            "id": "/subscriptions/bf258436-9d8c-4525-80a5-c7c161ce248d/resourceGroups/TaskBoardBR90379/providers/Microsoft.Sql/servers/taskboardappservbr-90379",
            "identity": [],
            "location": "westeurope",
            "minimum_tls_version": "1.2",
            "name": "taskboardappservbr-90379",
            "outbound_network_restriction_enabled": false,
            "primary_user_assigned_identity_id": "",
            "public_network_access_enabled": true,
            "resource_group_name": "TaskBoardBR90379",
            "restorable_dropped_database_ids": [],
            "tags": {},
            "timeouts": null,
            "transparent_data_encryption_key_vault_key_id": "",
            "version": "12.0"
          },
          "sensitive_attributes": [],
          "private": "eyJlMmJmYjczMC1lY2FhLTExZTYtOGY4OC0zNDM2M2JjN2M0YzAiOnsiY3JlYXRlIjozNjAwMDAwMDAwMDAwLCJkZWxldGUiOjM2MDAwMDAwMDAwMDAsInJlYWQiOjMwMDAwMDAwMDAwMCwidXBkYXRlIjozNjAwMDAwMDAwMDAwfX0=",
          "dependencies": [
            "azurerm_resource_group.rg",
            "random_integer.ri"
          ]
        }
      ]
    },
    {
      "mode": "managed",
      "type": "azurerm_resource_group",
      "name": "rg",
      "provider": "provider[\"registry.terraform.io/hashicorp/azurerm\"]",
      "instances": [
        {
          "schema_version": 0,
          "attributes": {
            "id": "/subscriptions/bf258436-9d8c-4525-80a5-c7c161ce248d/resourceGroups/TaskBoardBR90379",
            "location": "westeurope",
            "managed_by": "",
            "name": "TaskBoardBR90379",
            "tags": {},
            "timeouts": null
          },
          "sensitive_attributes": [],
          "private": "eyJlMmJmYjczMC1lY2FhLTExZTYtOGY4OC0zNDM2M2JjN2M0YzAiOnsiY3JlYXRlIjo1NDAwMDAwMDAwMDAwLCJkZWxldGUiOjU0MDAwMDAwMDAwMDAsInJlYWQiOjMwMDAwMDAwMDAwMCwidXBkYXRlIjo1NDAwMDAwMDAwMDAwfX0=",
          "dependencies": [
            "random_integer.ri"
          ]
        }
      ]
    },
    {
      "mode": "managed",
      "type": "azurerm_service_plan",
      "name": "asp",
      "provider": "provider[\"registry.terraform.io/hashicorp/azurerm\"]",
      "instances": [
        {
          "schema_version": 0,
          "attributes": {
            "app_service_environment_id": "",
            "id": "/subscriptions/bf258436-9d8c-4525-80a5-c7c161ce248d/resourceGroups/TaskBoardBR90379/providers/Microsoft.Web/serverfarms/taskboard-90379",
            "kind": "linux",
            "location": "westeurope",
            "maximum_elastic_worker_count": 1,
            "name": "taskboard-90379",
            "os_type": "Linux",
            "per_site_scaling_enabled": false,
            "reserved": true,
            "resource_group_name": "TaskBoardBR90379",
            "sku_name": "F1",
            "tags": {},
            "timeouts": null,
            "worker_count": 1,
            "zone_balancing_enabled": false
          },
          "sensitive_attributes": [],
          "private": "eyJlMmJmYjczMC1lY2FhLTExZTYtOGY4OC0zNDM2M2JjN2M0YzAiOnsiY3JlYXRlIjozNjAwMDAwMDAwMDAwLCJkZWxldGUiOjM2MDAwMDAwMDAwMDAsInJlYWQiOjMwMDAwMDAwMDAwMCwidXBkYXRlIjozNjAwMDAwMDAwMDAwfX0=",
          "dependencies": [
            "azurerm_resource_group.rg",
            "random_integer.ri"
          ]
        }
      ]
    },
    {
      "mode": "managed",
      "type": "random_integer",
      "name": "ri",
      "provider": "provider[\"registry.terraform.io/hashicorp/random\"]",
      "instances": [
        {
          "schema_version": 0,
          "attributes": {
            "id": "90379",
            "keepers": null,
            "max": 99999,
            "min": 10000,
            "result": 90379,
            "seed": null
          },
          "sensitive_attributes": []
        }
      ]
    }
  ],
  "check_results": null
}
